// !$*UTF8*$!
{
	archiveVersion = 1;
	classes = {
	};
	objectVersion = 56;
	objects = {

/* Begin PBXBuildFile section */
		48EC81472C3E5BA100A1F68F /* AppDelegate.swift in Sources */ = {isa = PBXBuildFile; fileRef = 48EC81462C3E5BA100A1F68F /* AppDelegate.swift */; };
		48EC81492C3E5BA100A1F68F /* SceneDelegate.swift in Sources */ = {isa = PBXBuildFile; fileRef = 48EC81482C3E5BA100A1F68F /* SceneDelegate.swift */; };
		48EC814B2C3E5BA100A1F68F /* WeatherViewController.swift in Sources */ = {isa = PBXBuildFile; fileRef = 48EC814A2C3E5BA100A1F68F /* WeatherViewController.swift */; };
		48EC81502C3E5BA300A1F68F /* Assets.xcassets in Resources */ = {isa = PBXBuildFile; fileRef = 48EC814F2C3E5BA300A1F68F /* Assets.xcassets */; };
		48EC81532C3E5BA300A1F68F /* Base in Resources */ = {isa = PBXBuildFile; fileRef = 48EC81522C3E5BA300A1F68F /* Base */; };
		48EC815C2C3E5E1700A1F68F /* .gitignore in Resources */ = {isa = PBXBuildFile; fileRef = 48EC815B2C3E5E1700A1F68F /* .gitignore */; };
		48EC815F2C3E5E4700A1F68F /* SnapKit in Frameworks */ = {isa = PBXBuildFile; productRef = 48EC815E2C3E5E4700A1F68F /* SnapKit */; };
		48EC81622C3E5E7400A1F68F /* Alamofire in Frameworks */ = {isa = PBXBuildFile; productRef = 48EC81612C3E5E7400A1F68F /* Alamofire */; };
		48EC81652C3E5E8D00A1F68F /* IQKeyboardManagerSwift in Frameworks */ = {isa = PBXBuildFile; productRef = 48EC81642C3E5E8D00A1F68F /* IQKeyboardManagerSwift */; };
		48EC816A2C3E603B00A1F68F /* APIKey.swift in Sources */ = {isa = PBXBuildFile; fileRef = 48EC81692C3E603B00A1F68F /* APIKey.swift */; };
		48EC816C2C3E620E00A1F68F /* CurrentWithCity.swift in Sources */ = {isa = PBXBuildFile; fileRef = 48EC816B2C3E620E00A1F68F /* CurrentWithCity.swift */; };
		48EC816F2C3E643300A1F68F /* NetworkManager.swift in Sources */ = {isa = PBXBuildFile; fileRef = 48EC816E2C3E643300A1F68F /* NetworkManager.swift */; };
		48EC81712C3E663700A1F68F /* NetworkAPI.swift in Sources */ = {isa = PBXBuildFile; fileRef = 48EC81702C3E663700A1F68F /* NetworkAPI.swift */; };
		48EC81732C3E6E1400A1F68F /* WeatherViewModel.swift in Sources */ = {isa = PBXBuildFile; fileRef = 48EC81722C3E6E1400A1F68F /* WeatherViewModel.swift */; };
		48EC81752C3E6E4F00A1F68F /* Observable.swift in Sources */ = {isa = PBXBuildFile; fileRef = 48EC81742C3E6E4F00A1F68F /* Observable.swift */; };
		48EC81772C3E73E500A1F68F /* BaseViewController.swift in Sources */ = {isa = PBXBuildFile; fileRef = 48EC81762C3E73E500A1F68F /* BaseViewController.swift */; };
		48EC81792C3E781C00A1F68F /* Every3HoursFor5Days.swift in Sources */ = {isa = PBXBuildFile; fileRef = 48EC81782C3E781C00A1F68F /* Every3HoursFor5Days.swift */; };
		48EC817C2C3E839A00A1F68F /* HourWeatherCVCell.swift in Sources */ = {isa = PBXBuildFile; fileRef = 48EC817B2C3E839A00A1F68F /* HourWeatherCVCell.swift */; };
		48EC817F2C3E83C500A1F68F /* ReusableID.swift in Sources */ = {isa = PBXBuildFile; fileRef = 48EC817E2C3E83C500A1F68F /* ReusableID.swift */; };
		48EC81822C3E8D6700A1F68F /* Kingfisher in Frameworks */ = {isa = PBXBuildFile; productRef = 48EC81812C3E8D6700A1F68F /* Kingfisher */; };
		48EC81842C3E939000A1F68F /* HourWeatherTVCell.swift in Sources */ = {isa = PBXBuildFile; fileRef = 48EC81832C3E939000A1F68F /* HourWeatherTVCell.swift */; };
		48EC81862C3EBDDB00A1F68F /* DateFormatterManager.swift in Sources */ = {isa = PBXBuildFile; fileRef = 48EC81852C3EBDDB00A1F68F /* DateFormatterManager.swift */; };
		48EC81882C3ED38A00A1F68F /* DayWeatherTVCell.swift in Sources */ = {isa = PBXBuildFile; fileRef = 48EC81872C3ED38A00A1F68F /* DayWeatherTVCell.swift */; };
		48EC81982C40293200A1F68F /* WeatherFor5Ddays.swift in Sources */ = {isa = PBXBuildFile; fileRef = 48EC81972C40293200A1F68F /* WeatherFor5Ddays.swift */; };
		48EC819C2C40BB1200A1F68F /* MapViewController.swift in Sources */ = {isa = PBXBuildFile; fileRef = 48EC819B2C40BB1200A1F68F /* MapViewController.swift */; };
		48EC819E2C40BBC900A1F68F /* CitySearchViewController.swift in Sources */ = {isa = PBXBuildFile; fileRef = 48EC819D2C40BBC900A1F68F /* CitySearchViewController.swift */; };
		48EC81A32C40C43500A1F68F /* CityList.swift in Sources */ = {isa = PBXBuildFile; fileRef = 48EC81A22C40C43500A1F68F /* CityList.swift */; };
		48EC81A82C40C7BA00A1F68F /* CityList.json in Resources */ = {isa = PBXBuildFile; fileRef = 48EC81A62C40C7BA00A1F68F /* CityList.json */; };
		48EC81AA2C40D0A700A1F68F /* CityListTVCell.swift in Sources */ = {isa = PBXBuildFile; fileRef = 48EC81A92C40D0A700A1F68F /* CityListTVCell.swift */; };
		48EC81AC2C40D1AF00A1F68F /* CityListVIewModel.swift in Sources */ = {isa = PBXBuildFile; fileRef = 48EC81AB2C40D1AF00A1F68F /* CityListVIewModel.swift */; };
		48EC81AE2C41781200A1F68F /* LocationTVCell.swift in Sources */ = {isa = PBXBuildFile; fileRef = 48EC81AD2C41781200A1F68F /* LocationTVCell.swift */; };
		48EC81B02C41785200A1F68F /* BaseTableViewCell.swift in Sources */ = {isa = PBXBuildFile; fileRef = 48EC81AF2C41785200A1F68F /* BaseTableViewCell.swift */; };
		48EC81B22C422CA000A1F68F /* WeatherInfoTVCell.swift in Sources */ = {isa = PBXBuildFile; fileRef = 48EC81B12C422CA000A1F68F /* WeatherInfoTVCell.swift */; };
		48EC81B42C422D5E00A1F68F /* WeatherInfoCVCell.swift in Sources */ = {isa = PBXBuildFile; fileRef = 48EC81B32C422D5E00A1F68F /* WeatherInfoCVCell.swift */; };
		48EC81B62C42680C00A1F68F /* AdditionalWeatherInfo.swift in Sources */ = {isa = PBXBuildFile; fileRef = 48EC81B52C42680C00A1F68F /* AdditionalWeatherInfo.swift */; };
		48EC81C12C4506E500A1F68F /* Constant.swift in Sources */ = {isa = PBXBuildFile; fileRef = 48EC81C02C4506E500A1F68F /* Constant.swift */; };
/* End PBXBuildFile section */

/* Begin PBXFileReference section */
		48EC81432C3E5BA100A1F68F /* WeatherApp.app */ = {isa = PBXFileReference; explicitFileType = wrapper.application; includeInIndex = 0; path = WeatherApp.app; sourceTree = BUILT_PRODUCTS_DIR; };
		48EC81462C3E5BA100A1F68F /* AppDelegate.swift */ = {isa = PBXFileReference; lastKnownFileType = sourcecode.swift; path = AppDelegate.swift; sourceTree = "<group>"; };
		48EC81482C3E5BA100A1F68F /* SceneDelegate.swift */ = {isa = PBXFileReference; lastKnownFileType = sourcecode.swift; path = SceneDelegate.swift; sourceTree = "<group>"; };
		48EC814A2C3E5BA100A1F68F /* WeatherViewController.swift */ = {isa = PBXFileReference; lastKnownFileType = sourcecode.swift; path = WeatherViewController.swift; sourceTree = "<group>"; };
		48EC814F2C3E5BA300A1F68F /* Assets.xcassets */ = {isa = PBXFileReference; lastKnownFileType = folder.assetcatalog; path = Assets.xcassets; sourceTree = "<group>"; };
		48EC81522C3E5BA300A1F68F /* Base */ = {isa = PBXFileReference; lastKnownFileType = file.storyboard; name = Base; path = Base.lproj/LaunchScreen.storyboard; sourceTree = "<group>"; };
		48EC81542C3E5BA300A1F68F /* Info.plist */ = {isa = PBXFileReference; lastKnownFileType = text.plist.xml; path = Info.plist; sourceTree = "<group>"; };
		48EC815B2C3E5E1700A1F68F /* .gitignore */ = {isa = PBXFileReference; lastKnownFileType = text; path = .gitignore; sourceTree = "<group>"; };
		48EC81692C3E603B00A1F68F /* APIKey.swift */ = {isa = PBXFileReference; lastKnownFileType = sourcecode.swift; path = APIKey.swift; sourceTree = "<group>"; };
		48EC816B2C3E620E00A1F68F /* CurrentWithCity.swift */ = {isa = PBXFileReference; lastKnownFileType = sourcecode.swift; path = CurrentWithCity.swift; sourceTree = "<group>"; };
		48EC816E2C3E643300A1F68F /* NetworkManager.swift */ = {isa = PBXFileReference; lastKnownFileType = sourcecode.swift; path = NetworkManager.swift; sourceTree = "<group>"; };
		48EC81702C3E663700A1F68F /* NetworkAPI.swift */ = {isa = PBXFileReference; lastKnownFileType = sourcecode.swift; path = NetworkAPI.swift; sourceTree = "<group>"; };
		48EC81722C3E6E1400A1F68F /* WeatherViewModel.swift */ = {isa = PBXFileReference; lastKnownFileType = sourcecode.swift; path = WeatherViewModel.swift; sourceTree = "<group>"; };
		48EC81742C3E6E4F00A1F68F /* Observable.swift */ = {isa = PBXFileReference; lastKnownFileType = sourcecode.swift; path = Observable.swift; sourceTree = "<group>"; };
		48EC81762C3E73E500A1F68F /* BaseViewController.swift */ = {isa = PBXFileReference; lastKnownFileType = sourcecode.swift; path = BaseViewController.swift; sourceTree = "<group>"; };
		48EC81782C3E781C00A1F68F /* Every3HoursFor5Days.swift */ = {isa = PBXFileReference; lastKnownFileType = sourcecode.swift; path = Every3HoursFor5Days.swift; sourceTree = "<group>"; };
		48EC817B2C3E839A00A1F68F /* HourWeatherCVCell.swift */ = {isa = PBXFileReference; lastKnownFileType = sourcecode.swift; path = HourWeatherCVCell.swift; sourceTree = "<group>"; };
		48EC817E2C3E83C500A1F68F /* ReusableID.swift */ = {isa = PBXFileReference; lastKnownFileType = sourcecode.swift; path = ReusableID.swift; sourceTree = "<group>"; };
		48EC81832C3E939000A1F68F /* HourWeatherTVCell.swift */ = {isa = PBXFileReference; lastKnownFileType = sourcecode.swift; path = HourWeatherTVCell.swift; sourceTree = "<group>"; };
		48EC81852C3EBDDB00A1F68F /* DateFormatterManager.swift */ = {isa = PBXFileReference; lastKnownFileType = sourcecode.swift; path = DateFormatterManager.swift; sourceTree = "<group>"; };
		48EC81872C3ED38A00A1F68F /* DayWeatherTVCell.swift */ = {isa = PBXFileReference; lastKnownFileType = sourcecode.swift; path = DayWeatherTVCell.swift; sourceTree = "<group>"; };
		48EC81972C40293200A1F68F /* WeatherFor5Ddays.swift */ = {isa = PBXFileReference; lastKnownFileType = sourcecode.swift; path = WeatherFor5Ddays.swift; sourceTree = "<group>"; };
		48EC819B2C40BB1200A1F68F /* MapViewController.swift */ = {isa = PBXFileReference; lastKnownFileType = sourcecode.swift; path = MapViewController.swift; sourceTree = "<group>"; };
		48EC819D2C40BBC900A1F68F /* CitySearchViewController.swift */ = {isa = PBXFileReference; lastKnownFileType = sourcecode.swift; path = CitySearchViewController.swift; sourceTree = "<group>"; };
		48EC81A22C40C43500A1F68F /* CityList.swift */ = {isa = PBXFileReference; lastKnownFileType = sourcecode.swift; path = CityList.swift; sourceTree = "<group>"; };
		48EC81A72C40C7BA00A1F68F /* en */ = {isa = PBXFileReference; lastKnownFileType = text.json; name = en; path = en.lproj/CityList.json; sourceTree = "<group>"; };
		48EC81A92C40D0A700A1F68F /* CityListTVCell.swift */ = {isa = PBXFileReference; lastKnownFileType = sourcecode.swift; path = CityListTVCell.swift; sourceTree = "<group>"; };
		48EC81AB2C40D1AF00A1F68F /* CityListVIewModel.swift */ = {isa = PBXFileReference; lastKnownFileType = sourcecode.swift; path = CityListVIewModel.swift; sourceTree = "<group>"; };
		48EC81AD2C41781200A1F68F /* LocationTVCell.swift */ = {isa = PBXFileReference; lastKnownFileType = sourcecode.swift; path = LocationTVCell.swift; sourceTree = "<group>"; };
		48EC81AF2C41785200A1F68F /* BaseTableViewCell.swift */ = {isa = PBXFileReference; lastKnownFileType = sourcecode.swift; path = BaseTableViewCell.swift; sourceTree = "<group>"; };
		48EC81B12C422CA000A1F68F /* WeatherInfoTVCell.swift */ = {isa = PBXFileReference; lastKnownFileType = sourcecode.swift; path = WeatherInfoTVCell.swift; sourceTree = "<group>"; };
		48EC81B32C422D5E00A1F68F /* WeatherInfoCVCell.swift */ = {isa = PBXFileReference; lastKnownFileType = sourcecode.swift; path = WeatherInfoCVCell.swift; sourceTree = "<group>"; };
		48EC81B52C42680C00A1F68F /* AdditionalWeatherInfo.swift */ = {isa = PBXFileReference; lastKnownFileType = sourcecode.swift; path = AdditionalWeatherInfo.swift; sourceTree = "<group>"; };
		48EC81C02C4506E500A1F68F /* Constant.swift */ = {isa = PBXFileReference; lastKnownFileType = sourcecode.swift; path = Constant.swift; sourceTree = "<group>"; };
/* End PBXFileReference section */

/* Begin PBXFrameworksBuildPhase section */
		48EC81402C3E5BA100A1F68F /* Frameworks */ = {
			isa = PBXFrameworksBuildPhase;
			buildActionMask = 2147483647;
			files = (
				48EC81822C3E8D6700A1F68F /* Kingfisher in Frameworks */,
				48EC815F2C3E5E4700A1F68F /* SnapKit in Frameworks */,
				48EC81622C3E5E7400A1F68F /* Alamofire in Frameworks */,
				48EC81652C3E5E8D00A1F68F /* IQKeyboardManagerSwift in Frameworks */,
			);
			runOnlyForDeploymentPostprocessing = 0;
		};
/* End PBXFrameworksBuildPhase section */

/* Begin PBXGroup section */
		48EC813A2C3E5BA100A1F68F = {
			isa = PBXGroup;
			children = (
				48EC815B2C3E5E1700A1F68F /* .gitignore */,
				48EC81452C3E5BA100A1F68F /* WeatherApp */,
				48EC81442C3E5BA100A1F68F /* Products */,
			);
			sourceTree = "<group>";
		};
		48EC81442C3E5BA100A1F68F /* Products */ = {
			isa = PBXGroup;
			children = (
				48EC81432C3E5BA100A1F68F /* WeatherApp.app */,
			);
			name = Products;
			sourceTree = "<group>";
		};
		48EC81452C3E5BA100A1F68F /* WeatherApp */ = {
			isa = PBXGroup;
			children = (
				48F89BF72C47AD0C00F226BE /* App */,
				48EC81A12C40C3C900A1F68F /* Resource */,
				48EC817D2C3E83B100A1F68F /* Helpers */,
				48EC817A2C3E838800A1F68F /* Cells */,
				48EC816D2C3E642100A1F68F /* Network */,
				48EC81682C3E5ED600A1F68F /* ViewModels */,
				48EC81662C3E5EC200A1F68F /* Models */,
				48EC815A2C3E5DA200A1F68F /* Controllers */,
				48EC81512C3E5BA300A1F68F /* LaunchScreen.storyboard */,
				48EC81542C3E5BA300A1F68F /* Info.plist */,
			);
			path = WeatherApp;
			sourceTree = "<group>";
		};
		48EC815A2C3E5DA200A1F68F /* Controllers */ = {
			isa = PBXGroup;
			children = (
				48EC814A2C3E5BA100A1F68F /* WeatherViewController.swift */,
				48EC819D2C40BBC900A1F68F /* CitySearchViewController.swift */,
				48EC819B2C40BB1200A1F68F /* MapViewController.swift */,
				48EC81762C3E73E500A1F68F /* BaseViewController.swift */,
			);
			path = Controllers;
			sourceTree = "<group>";
		};
		48EC81662C3E5EC200A1F68F /* Models */ = {
			isa = PBXGroup;
			children = (
				48EC816B2C3E620E00A1F68F /* CurrentWithCity.swift */,
				48EC81782C3E781C00A1F68F /* Every3HoursFor5Days.swift */,
				48EC81972C40293200A1F68F /* WeatherFor5Ddays.swift */,
				48EC81A22C40C43500A1F68F /* CityList.swift */,
				48EC81B52C42680C00A1F68F /* AdditionalWeatherInfo.swift */,
			);
			path = Models;
			sourceTree = "<group>";
		};
		48EC81682C3E5ED600A1F68F /* ViewModels */ = {
			isa = PBXGroup;
			children = (
				48EC81722C3E6E1400A1F68F /* WeatherViewModel.swift */,
				48EC81AB2C40D1AF00A1F68F /* CityListVIewModel.swift */,
				48EC81742C3E6E4F00A1F68F /* Observable.swift */,
			);
			path = ViewModels;
			sourceTree = "<group>";
		};
		48EC816D2C3E642100A1F68F /* Network */ = {
			isa = PBXGroup;
			children = (
				48EC816E2C3E643300A1F68F /* NetworkManager.swift */,
				48EC81702C3E663700A1F68F /* NetworkAPI.swift */,
			);
			path = Network;
			sourceTree = "<group>";
		};
		48EC817A2C3E838800A1F68F /* Cells */ = {
			isa = PBXGroup;
			children = (
				48EC817B2C3E839A00A1F68F /* HourWeatherCVCell.swift */,
				48EC81832C3E939000A1F68F /* HourWeatherTVCell.swift */,
				48EC81872C3ED38A00A1F68F /* DayWeatherTVCell.swift */,
				48EC81A92C40D0A700A1F68F /* CityListTVCell.swift */,
				48EC81AD2C41781200A1F68F /* LocationTVCell.swift */,
				48EC81B12C422CA000A1F68F /* WeatherInfoTVCell.swift */,
				48EC81B32C422D5E00A1F68F /* WeatherInfoCVCell.swift */,
				48EC81AF2C41785200A1F68F /* BaseTableViewCell.swift */,
			);
			path = Cells;
			sourceTree = "<group>";
		};
		48EC817D2C3E83B100A1F68F /* Helpers */ = {
			isa = PBXGroup;
			children = (
				48EC817E2C3E83C500A1F68F /* ReusableID.swift */,
				48EC81852C3EBDDB00A1F68F /* DateFormatterManager.swift */,
				48EC81C02C4506E500A1F68F /* Constant.swift */,
			);
			path = Helpers;
			sourceTree = "<group>";
		};
		48EC81A12C40C3C900A1F68F /* Resource */ = {
			isa = PBXGroup;
			children = (
				48EC81692C3E603B00A1F68F /* APIKey.swift */,
				48EC814F2C3E5BA300A1F68F /* Assets.xcassets */,
				48EC81A62C40C7BA00A1F68F /* CityList.json */,
			);
			path = Resource;
			sourceTree = "<group>";
		};
		48F89BF72C47AD0C00F226BE /* App */ = {
			isa = PBXGroup;
			children = (
				48EC81462C3E5BA100A1F68F /* AppDelegate.swift */,
				48EC81482C3E5BA100A1F68F /* SceneDelegate.swift */,
			);
			path = App;
			sourceTree = "<group>";
		};
/* End PBXGroup section */

/* Begin PBXNativeTarget section */
		48EC81422C3E5BA100A1F68F /* WeatherApp */ = {
			isa = PBXNativeTarget;
			buildConfigurationList = 48EC81572C3E5BA300A1F68F /* Build configuration list for PBXNativeTarget "WeatherApp" */;
			buildPhases = (
				48EC813F2C3E5BA100A1F68F /* Sources */,
				48EC81402C3E5BA100A1F68F /* Frameworks */,
				48EC81412C3E5BA100A1F68F /* Resources */,
			);
			buildRules = (
			);
			dependencies = (
			);
			name = WeatherApp;
			packageProductDependencies = (
				48EC815E2C3E5E4700A1F68F /* SnapKit */,
				48EC81612C3E5E7400A1F68F /* Alamofire */,
				48EC81642C3E5E8D00A1F68F /* IQKeyboardManagerSwift */,
				48EC81812C3E8D6700A1F68F /* Kingfisher */,
			);
			productName = WeatherApp;
			productReference = 48EC81432C3E5BA100A1F68F /* WeatherApp.app */;
			productType = "com.apple.product-type.application";
		};
/* End PBXNativeTarget section */

/* Begin PBXProject section */
		48EC813B2C3E5BA100A1F68F /* Project object */ = {
			isa = PBXProject;
			attributes = {
				BuildIndependentTargetsInParallel = 1;
				LastSwiftUpdateCheck = 1530;
				LastUpgradeCheck = 1530;
				TargetAttributes = {
					48EC81422C3E5BA100A1F68F = {
						CreatedOnToolsVersion = 15.3;
					};
				};
			};
			buildConfigurationList = 48EC813E2C3E5BA100A1F68F /* Build configuration list for PBXProject "WeatherApp" */;
			compatibilityVersion = "Xcode 14.0";
			developmentRegion = en;
			hasScannedForEncodings = 0;
			knownRegions = (
				en,
				Base,
			);
			mainGroup = 48EC813A2C3E5BA100A1F68F;
			packageReferences = (
				48EC815D2C3E5E4700A1F68F /* XCRemoteSwiftPackageReference "SnapKit" */,
				48EC81602C3E5E7400A1F68F /* XCRemoteSwiftPackageReference "Alamofire" */,
				48EC81632C3E5E8D00A1F68F /* XCRemoteSwiftPackageReference "IQKeyboardManager" */,
				48EC81802C3E8D6700A1F68F /* XCRemoteSwiftPackageReference "Kingfisher" */,
			);
			productRefGroup = 48EC81442C3E5BA100A1F68F /* Products */;
			projectDirPath = "";
			projectRoot = "";
			targets = (
				48EC81422C3E5BA100A1F68F /* WeatherApp */,
			);
		};
/* End PBXProject section */

/* Begin PBXResourcesBuildPhase section */
		48EC81412C3E5BA100A1F68F /* Resources */ = {
			isa = PBXResourcesBuildPhase;
			buildActionMask = 2147483647;
			files = (
				48EC81502C3E5BA300A1F68F /* Assets.xcassets in Resources */,
				48EC815C2C3E5E1700A1F68F /* .gitignore in Resources */,
				48EC81A82C40C7BA00A1F68F /* CityList.json in Resources */,
				48EC81532C3E5BA300A1F68F /* Base in Resources */,
			);
			runOnlyForDeploymentPostprocessing = 0;
		};
/* End PBXResourcesBuildPhase section */

/* Begin PBXSourcesBuildPhase section */
		48EC813F2C3E5BA100A1F68F /* Sources */ = {
			isa = PBXSourcesBuildPhase;
			buildActionMask = 2147483647;
			files = (
				48EC81AC2C40D1AF00A1F68F /* CityListVIewModel.swift in Sources */,
				48EC816F2C3E643300A1F68F /* NetworkManager.swift in Sources */,
				48EC81792C3E781C00A1F68F /* Every3HoursFor5Days.swift in Sources */,
				48EC81B02C41785200A1F68F /* BaseTableViewCell.swift in Sources */,
				48EC81AA2C40D0A700A1F68F /* CityListTVCell.swift in Sources */,
				48EC81842C3E939000A1F68F /* HourWeatherTVCell.swift in Sources */,
				48EC81A32C40C43500A1F68F /* CityList.swift in Sources */,
				48EC81C12C4506E500A1F68F /* Constant.swift in Sources */,
				48EC81882C3ED38A00A1F68F /* DayWeatherTVCell.swift in Sources */,
				48EC81B62C42680C00A1F68F /* AdditionalWeatherInfo.swift in Sources */,
				48EC814B2C3E5BA100A1F68F /* WeatherViewController.swift in Sources */,
				48EC81472C3E5BA100A1F68F /* AppDelegate.swift in Sources */,
				48EC819E2C40BBC900A1F68F /* CitySearchViewController.swift in Sources */,
				48EC819C2C40BB1200A1F68F /* MapViewController.swift in Sources */,
				48EC81712C3E663700A1F68F /* NetworkAPI.swift in Sources */,
				48EC81752C3E6E4F00A1F68F /* Observable.swift in Sources */,
				48EC81772C3E73E500A1F68F /* BaseViewController.swift in Sources */,
				48EC81982C40293200A1F68F /* WeatherFor5Ddays.swift in Sources */,
				48EC81B42C422D5E00A1F68F /* WeatherInfoCVCell.swift in Sources */,
				48EC81AE2C41781200A1F68F /* LocationTVCell.swift in Sources */,
				48EC816A2C3E603B00A1F68F /* APIKey.swift in Sources */,
				48EC81862C3EBDDB00A1F68F /* DateFormatterManager.swift in Sources */,
				48EC817F2C3E83C500A1F68F /* ReusableID.swift in Sources */,
				48EC817C2C3E839A00A1F68F /* HourWeatherCVCell.swift in Sources */,
				48EC81732C3E6E1400A1F68F /* WeatherViewModel.swift in Sources */,
				48EC81492C3E5BA100A1F68F /* SceneDelegate.swift in Sources */,
				48EC81B22C422CA000A1F68F /* WeatherInfoTVCell.swift in Sources */,
				48EC816C2C3E620E00A1F68F /* CurrentWithCity.swift in Sources */,
			);
			runOnlyForDeploymentPostprocessing = 0;
		};
/* End PBXSourcesBuildPhase section */

/* Begin PBXVariantGroup section */
		48EC81512C3E5BA300A1F68F /* LaunchScreen.storyboard */ = {
			isa = PBXVariantGroup;
			children = (
				48EC81522C3E5BA300A1F68F /* Base */,
			);
			name = LaunchScreen.storyboard;
			sourceTree = "<group>";
		};
		48EC81A62C40C7BA00A1F68F /* CityList.json */ = {
			isa = PBXVariantGroup;
			children = (
				48EC81A72C40C7BA00A1F68F /* en */,
			);
			name = CityList.json;
			sourceTree = "<group>";
		};
/* End PBXVariantGroup section */

/* Begin XCBuildConfiguration section */
		48EC81552C3E5BA300A1F68F /* Debug */ = {
			isa = XCBuildConfiguration;
			buildSettings = {
				ALWAYS_SEARCH_USER_PATHS = NO;
				ASSETCATALOG_COMPILER_GENERATE_SWIFT_ASSET_SYMBOL_EXTENSIONS = YES;
				CLANG_ANALYZER_NONNULL = YES;
				CLANG_ANALYZER_NUMBER_OBJECT_CONVERSION = YES_AGGRESSIVE;
				CLANG_CXX_LANGUAGE_STANDARD = "gnu++20";
				CLANG_ENABLE_MODULES = YES;
				CLANG_ENABLE_OBJC_ARC = YES;
				CLANG_ENABLE_OBJC_WEAK = YES;
				CLANG_WARN_BLOCK_CAPTURE_AUTORELEASING = YES;
				CLANG_WARN_BOOL_CONVERSION = YES;
				CLANG_WARN_COMMA = YES;
				CLANG_WARN_CONSTANT_CONVERSION = YES;
				CLANG_WARN_DEPRECATED_OBJC_IMPLEMENTATIONS = YES;
				CLANG_WARN_DIRECT_OBJC_ISA_USAGE = YES_ERROR;
				CLANG_WARN_DOCUMENTATION_COMMENTS = YES;
				CLANG_WARN_EMPTY_BODY = YES;
				CLANG_WARN_ENUM_CONVERSION = YES;
				CLANG_WARN_INFINITE_RECURSION = YES;
				CLANG_WARN_INT_CONVERSION = YES;
				CLANG_WARN_NON_LITERAL_NULL_CONVERSION = YES;
				CLANG_WARN_OBJC_IMPLICIT_RETAIN_SELF = YES;
				CLANG_WARN_OBJC_LITERAL_CONVERSION = YES;
				CLANG_WARN_OBJC_ROOT_CLASS = YES_ERROR;
				CLANG_WARN_QUOTED_INCLUDE_IN_FRAMEWORK_HEADER = YES;
				CLANG_WARN_RANGE_LOOP_ANALYSIS = YES;
				CLANG_WARN_STRICT_PROTOTYPES = YES;
				CLANG_WARN_SUSPICIOUS_MOVE = YES;
				CLANG_WARN_UNGUARDED_AVAILABILITY = YES_AGGRESSIVE;
				CLANG_WARN_UNREACHABLE_CODE = YES;
				CLANG_WARN__DUPLICATE_METHOD_MATCH = YES;
				COPY_PHASE_STRIP = NO;
				DEBUG_INFORMATION_FORMAT = dwarf;
				ENABLE_STRICT_OBJC_MSGSEND = YES;
				ENABLE_TESTABILITY = YES;
				ENABLE_USER_SCRIPT_SANDBOXING = YES;
				GCC_C_LANGUAGE_STANDARD = gnu17;
				GCC_DYNAMIC_NO_PIC = NO;
				GCC_NO_COMMON_BLOCKS = YES;
				GCC_OPTIMIZATION_LEVEL = 0;
				GCC_PREPROCESSOR_DEFINITIONS = (
					"DEBUG=1",
					"$(inherited)",
				);
				GCC_WARN_64_TO_32_BIT_CONVERSION = YES;
				GCC_WARN_ABOUT_RETURN_TYPE = YES_ERROR;
				GCC_WARN_UNDECLARED_SELECTOR = YES;
				GCC_WARN_UNINITIALIZED_AUTOS = YES_AGGRESSIVE;
				GCC_WARN_UNUSED_FUNCTION = YES;
				GCC_WARN_UNUSED_VARIABLE = YES;
				IPHONEOS_DEPLOYMENT_TARGET = 17.4;
				LOCALIZATION_PREFERS_STRING_CATALOGS = YES;
				MTL_ENABLE_DEBUG_INFO = INCLUDE_SOURCE;
				MTL_FAST_MATH = YES;
				ONLY_ACTIVE_ARCH = YES;
				SDKROOT = iphoneos;
				SWIFT_ACTIVE_COMPILATION_CONDITIONS = "DEBUG $(inherited)";
				SWIFT_OPTIMIZATION_LEVEL = "-Onone";
			};
			name = Debug;
		};
		48EC81562C3E5BA300A1F68F /* Release */ = {
			isa = XCBuildConfiguration;
			buildSettings = {
				ALWAYS_SEARCH_USER_PATHS = NO;
				ASSETCATALOG_COMPILER_GENERATE_SWIFT_ASSET_SYMBOL_EXTENSIONS = YES;
				CLANG_ANALYZER_NONNULL = YES;
				CLANG_ANALYZER_NUMBER_OBJECT_CONVERSION = YES_AGGRESSIVE;
				CLANG_CXX_LANGUAGE_STANDARD = "gnu++20";
				CLANG_ENABLE_MODULES = YES;
				CLANG_ENABLE_OBJC_ARC = YES;
				CLANG_ENABLE_OBJC_WEAK = YES;
				CLANG_WARN_BLOCK_CAPTURE_AUTORELEASING = YES;
				CLANG_WARN_BOOL_CONVERSION = YES;
				CLANG_WARN_COMMA = YES;
				CLANG_WARN_CONSTANT_CONVERSION = YES;
				CLANG_WARN_DEPRECATED_OBJC_IMPLEMENTATIONS = YES;
				CLANG_WARN_DIRECT_OBJC_ISA_USAGE = YES_ERROR;
				CLANG_WARN_DOCUMENTATION_COMMENTS = YES;
				CLANG_WARN_EMPTY_BODY = YES;
				CLANG_WARN_ENUM_CONVERSION = YES;
				CLANG_WARN_INFINITE_RECURSION = YES;
				CLANG_WARN_INT_CONVERSION = YES;
				CLANG_WARN_NON_LITERAL_NULL_CONVERSION = YES;
				CLANG_WARN_OBJC_IMPLICIT_RETAIN_SELF = YES;
				CLANG_WARN_OBJC_LITERAL_CONVERSION = YES;
				CLANG_WARN_OBJC_ROOT_CLASS = YES_ERROR;
				CLANG_WARN_QUOTED_INCLUDE_IN_FRAMEWORK_HEADER = YES;
				CLANG_WARN_RANGE_LOOP_ANALYSIS = YES;
				CLANG_WARN_STRICT_PROTOTYPES = YES;
				CLANG_WARN_SUSPICIOUS_MOVE = YES;
				CLANG_WARN_UNGUARDED_AVAILABILITY = YES_AGGRESSIVE;
				CLANG_WARN_UNREACHABLE_CODE = YES;
				CLANG_WARN__DUPLICATE_METHOD_MATCH = YES;
				COPY_PHASE_STRIP = NO;
				DEBUG_INFORMATION_FORMAT = "dwarf-with-dsym";
				ENABLE_NS_ASSERTIONS = NO;
				ENABLE_STRICT_OBJC_MSGSEND = YES;
				ENABLE_USER_SCRIPT_SANDBOXING = YES;
				GCC_C_LANGUAGE_STANDARD = gnu17;
				GCC_NO_COMMON_BLOCKS = YES;
				GCC_WARN_64_TO_32_BIT_CONVERSION = YES;
				GCC_WARN_ABOUT_RETURN_TYPE = YES_ERROR;
				GCC_WARN_UNDECLARED_SELECTOR = YES;
				GCC_WARN_UNINITIALIZED_AUTOS = YES_AGGRESSIVE;
				GCC_WARN_UNUSED_FUNCTION = YES;
				GCC_WARN_UNUSED_VARIABLE = YES;
				IPHONEOS_DEPLOYMENT_TARGET = 17.4;
				LOCALIZATION_PREFERS_STRING_CATALOGS = YES;
				MTL_ENABLE_DEBUG_INFO = NO;
				MTL_FAST_MATH = YES;
				SDKROOT = iphoneos;
				SWIFT_COMPILATION_MODE = wholemodule;
				VALIDATE_PRODUCT = YES;
			};
			name = Release;
		};
		48EC81582C3E5BA300A1F68F /* Debug */ = {
			isa = XCBuildConfiguration;
			buildSettings = {
				ASSETCATALOG_COMPILER_APPICON_NAME = AppIcon;
				ASSETCATALOG_COMPILER_GLOBAL_ACCENT_COLOR_NAME = AccentColor;
				CODE_SIGN_STYLE = Automatic;
				CURRENT_PROJECT_VERSION = 1;
				DEVELOPMENT_TEAM = U4HJYQP2ZD;
				GENERATE_INFOPLIST_FILE = YES;
				INFOPLIST_FILE = WeatherApp/Info.plist;
				INFOPLIST_KEY_UIApplicationSupportsIndirectInputEvents = YES;
				INFOPLIST_KEY_UILaunchStoryboardName = LaunchScreen;
				INFOPLIST_KEY_UISupportedInterfaceOrientations = UIInterfaceOrientationPortrait;
				INFOPLIST_KEY_UISupportedInterfaceOrientations_iPad = UIInterfaceOrientationPortrait;
				IPHONEOS_DEPLOYMENT_TARGET = 16.0;
				LD_RUNPATH_SEARCH_PATHS = (
					"$(inherited)",
					"@executable_path/Frameworks",
				);
				MARKETING_VERSION = 1.0;
				PRODUCT_BUNDLE_IDENTIFIER = com.dahyun.WeatherApp;
				PRODUCT_NAME = "$(TARGET_NAME)";
				SUPPORTED_PLATFORMS = "iphoneos iphonesimulator";
				SUPPORTS_MACCATALYST = NO;
				SUPPORTS_MAC_DESIGNED_FOR_IPHONE_IPAD = NO;
				SUPPORTS_XR_DESIGNED_FOR_IPHONE_IPAD = NO;
				SWIFT_EMIT_LOC_STRINGS = YES;
				SWIFT_VERSION = 5.0;
				TARGETED_DEVICE_FAMILY = 1;
			};
			name = Debug;
		};
		48EC81592C3E5BA300A1F68F /* Release */ = {
			isa = XCBuildConfiguration;
			buildSettings = {
				ASSETCATALOG_COMPILER_APPICON_NAME = AppIcon;
				ASSETCATALOG_COMPILER_GLOBAL_ACCENT_COLOR_NAME = AccentColor;
				CODE_SIGN_STYLE = Automatic;
				CURRENT_PROJECT_VERSION = 1;
				DEVELOPMENT_TEAM = U4HJYQP2ZD;
				GENERATE_INFOPLIST_FILE = YES;
				INFOPLIST_FILE = WeatherApp/Info.plist;
				INFOPLIST_KEY_UIApplicationSupportsIndirectInputEvents = YES;
				INFOPLIST_KEY_UILaunchStoryboardName = LaunchScreen;
				INFOPLIST_KEY_UISupportedInterfaceOrientations = UIInterfaceOrientationPortrait;
				INFOPLIST_KEY_UISupportedInterfaceOrientations_iPad = UIInterfaceOrientationPortrait;
				IPHONEOS_DEPLOYMENT_TARGET = 16.0;
				LD_RUNPATH_SEARCH_PATHS = (
					"$(inherited)",
					"@executable_path/Frameworks",
				);
				MARKETING_VERSION = 1.0;
				PRODUCT_BUNDLE_IDENTIFIER = com.dahyun.WeatherApp;
				PRODUCT_NAME = "$(TARGET_NAME)";
				SUPPORTED_PLATFORMS = "iphoneos iphonesimulator";
				SUPPORTS_MACCATALYST = NO;
				SUPPORTS_MAC_DESIGNED_FOR_IPHONE_IPAD = NO;
				SUPPORTS_XR_DESIGNED_FOR_IPHONE_IPAD = NO;
				SWIFT_EMIT_LOC_STRINGS = YES;
				SWIFT_VERSION = 5.0;
				TARGETED_DEVICE_FAMILY = 1;
			};
			name = Release;
		};
/* End XCBuildConfiguration section */

/* Begin XCConfigurationList section */
		48EC813E2C3E5BA100A1F68F /* Build configuration list for PBXProject "WeatherApp" */ = {
			isa = XCConfigurationList;
			buildConfigurations = (
				48EC81552C3E5BA300A1F68F /* Debug */,
				48EC81562C3E5BA300A1F68F /* Release */,
			);
			defaultConfigurationIsVisible = 0;
			defaultConfigurationName = Release;
		};
		48EC81572C3E5BA300A1F68F /* Build configuration list for PBXNativeTarget "WeatherApp" */ = {
			isa = XCConfigurationList;
			buildConfigurations = (
				48EC81582C3E5BA300A1F68F /* Debug */,
				48EC81592C3E5BA300A1F68F /* Release */,
			);
			defaultConfigurationIsVisible = 0;
			defaultConfigurationName = Release;
		};
/* End XCConfigurationList section */

/* Begin XCRemoteSwiftPackageReference section */
		48EC815D2C3E5E4700A1F68F /* XCRemoteSwiftPackageReference "SnapKit" */ = {
			isa = XCRemoteSwiftPackageReference;
			repositoryURL = "https://github.com/SnapKit/SnapKit.git";
			requirement = {
				kind = upToNextMajorVersion;
				minimumVersion = 5.7.1;
			};
		};
		48EC81602C3E5E7400A1F68F /* XCRemoteSwiftPackageReference "Alamofire" */ = {
			isa = XCRemoteSwiftPackageReference;
			repositoryURL = "https://github.com/Alamofire/Alamofire.git";
			requirement = {
				kind = upToNextMajorVersion;
				minimumVersion = 5.9.1;
			};
		};
		48EC81632C3E5E8D00A1F68F /* XCRemoteSwiftPackageReference "IQKeyboardManager" */ = {
			isa = XCRemoteSwiftPackageReference;
			repositoryURL = "https://github.com/hackiftekhar/IQKeyboardManager.git";
			requirement = {
				kind = upToNextMajorVersion;
				minimumVersion = 7.0.3;
			};
		};
		48EC81802C3E8D6700A1F68F /* XCRemoteSwiftPackageReference "Kingfisher" */ = {
			isa = XCRemoteSwiftPackageReference;
			repositoryURL = "https://github.com/onevcat/Kingfisher.git";
			requirement = {
				kind = upToNextMajorVersion;
				minimumVersion = 7.12.0;
			};
		};
/* End XCRemoteSwiftPackageReference section */

/* Begin XCSwiftPackageProductDependency section */
		48EC815E2C3E5E4700A1F68F /* SnapKit */ = {
			isa = XCSwiftPackageProductDependency;
			package = 48EC815D2C3E5E4700A1F68F /* XCRemoteSwiftPackageReference "SnapKit" */;
			productName = SnapKit;
		};
		48EC81612C3E5E7400A1F68F /* Alamofire */ = {
			isa = XCSwiftPackageProductDependency;
			package = 48EC81602C3E5E7400A1F68F /* XCRemoteSwiftPackageReference "Alamofire" */;
			productName = Alamofire;
		};
		48EC81642C3E5E8D00A1F68F /* IQKeyboardManagerSwift */ = {
			isa = XCSwiftPackageProductDependency;
			package = 48EC81632C3E5E8D00A1F68F /* XCRemoteSwiftPackageReference "IQKeyboardManager" */;
			productName = IQKeyboardManagerSwift;
		};
		48EC81812C3E8D6700A1F68F /* Kingfisher */ = {
			isa = XCSwiftPackageProductDependency;
			package = 48EC81802C3E8D6700A1F68F /* XCRemoteSwiftPackageReference "Kingfisher" */;
			productName = Kingfisher;
		};
/* End XCSwiftPackageProductDependency section */
	};
	rootObject = 48EC813B2C3E5BA100A1F68F /* Project object */;
}
